// !$*UTF8*$!
{
	archiveVersion = 1;
	classes = {
	};
	objectVersion = 46;
	objects = {

/* Begin PBXBuildFile section */
		BCFF1E041C22AB670080D9EC /* main.m in Sources */ = {isa = PBXBuildFile; fileRef = BCFF1E031C22AB670080D9EC /* main.m */; };
		BCFF1E071C22AB670080D9EC /* AppDelegate.m in Sources */ = {isa = PBXBuildFile; fileRef = BCFF1E061C22AB670080D9EC /* AppDelegate.m */; };
		BCFF1E0A1C22AB670080D9EC /* ViewController.m in Sources */ = {isa = PBXBuildFile; fileRef = BCFF1E091C22AB670080D9EC /* ViewController.m */; };
		BCFF1E0D1C22AB670080D9EC /* Main.storyboard in Resources */ = {isa = PBXBuildFile; fileRef = BCFF1E0B1C22AB670080D9EC /* Main.storyboard */; };
		BCFF1E0F1C22AB670080D9EC /* Images.xcassets in Resources */ = {isa = PBXBuildFile; fileRef = BCFF1E0E1C22AB670080D9EC /* Images.xcassets */; };
		BCFF1E121C22AB670080D9EC /* LaunchScreen.xib in Resources */ = {isa = PBXBuildFile; fileRef = BCFF1E101C22AB670080D9EC /* LaunchScreen.xib */; };
		BCFF1E1E1C22AB670080D9EC /* TestTests.m in Sources */ = {isa = PBXBuildFile; fileRef = BCFF1E1D1C22AB670080D9EC /* TestTests.m */; };
/* End PBXBuildFile section */

/* Begin PBXContainerItemProxy section */
		BCFF1E181C22AB670080D9EC /* PBXContainerItemProxy */ = {
			isa = PBXContainerItemProxy;
			containerPortal = BCFF1DF61C22AB670080D9EC /* Project object */;
			proxyType = 1;
			remoteGlobalIDString = BCFF1DFD1C22AB670080D9EC;
			remoteInfo = Test;
		};
/* End PBXContainerItemProxy section */

/* Begin PBXFileReference section */
		BCFF1DFE1C22AB670080D9EC /* Test.app */ = {isa = PBXFileReference; explicitFileType = wrapper.application; includeInIndex = 0; path = Test.app; sourceTree = BUILT_PRODUCTS_DIR; };
		BCFF1E021C22AB670080D9EC /* Info.plist */ = {isa = PBXFileReference; lastKnownFileType = text.plist.xml; path = Info.plist; sourceTree = "<group>"; };
		BCFF1E031C22AB670080D9EC /* main.m */ = {isa = PBXFileReference; lastKnownFileType = sourcecode.c.objc; path = main.m; sourceTree = "<group>"; };
		BCFF1E051C22AB670080D9EC /* AppDelegate.h */ = {isa = PBXFileReference; lastKnownFileType = sourcecode.c.h; path = AppDelegate.h; sourceTree = "<group>"; };
		BCFF1E061C22AB670080D9EC /* AppDelegate.m */ = {isa = PBXFileReference; lastKnownFileType = sourcecode.c.objc; path = AppDelegate.m; sourceTree = "<group>"; };
		BCFF1E081C22AB670080D9EC /* ViewController.h */ = {isa = PBXFileReference; lastKnownFileType = sourcecode.c.h; path = ViewController.h; sourceTree = "<group>"; };
		BCFF1E091C22AB670080D9EC /* ViewController.m */ = {isa = PBXFileReference; lastKnownFileType = sourcecode.c.objc; path = ViewController.m; sourceTree = "<group>"; };
		BCFF1E0C1C22AB670080D9EC /* Base */ = {isa = PBXFileReference; lastKnownFileType = file.storyboard; name = Base; path = Base.lproj/Main.storyboard; sourceTree = "<group>"; };
		BCFF1E0E1C22AB670080D9EC /* Images.xcassets */ = {isa = PBXFileReference; lastKnownFileType = folder.assetcatalog; path = Images.xcassets; sourceTree = "<group>"; };
		BCFF1E111C22AB670080D9EC /* Base */ = {isa = PBXFileReference; lastKnownFileType = file.xib; name = Base; path = Base.lproj/LaunchScreen.xib; sourceTree = "<group>"; };
		BCFF1E171C22AB670080D9EC /* TestTests.xctest */ = {isa = PBXFileReference; explicitFileType = wrapper.cfbundle; includeInIndex = 0; path = TestTests.xctest; sourceTree = BUILT_PRODUCTS_DIR; };
		BCFF1E1C1C22AB670080D9EC /* Info.plist */ = {isa = PBXFileReference; lastKnownFileType = text.plist.xml; path = Info.plist; sourceTree = "<group>"; };
		BCFF1E1D1C22AB670080D9EC /* TestTests.m */ = {isa = PBXFileReference; lastKnownFileType = sourcecode.c.objc; path = TestTests.m; sourceTree = "<group>"; };
/* End PBXFileReference section */

/* Begin PBXFrameworksBuildPhase section */
		BCFF1DFB1C22AB670080D9EC /* Frameworks */ = {
			isa = PBXFrameworksBuildPhase;
			buildActionMask = 2147483647;
			files = (
			);
			runOnlyForDeploymentPostprocessing = 0;
		};
		BCFF1E141C22AB670080D9EC /* Frameworks */ = {
			isa = PBXFrameworksBuildPhase;
			buildActionMask = 2147483647;
			files = (
			);
			runOnlyForDeploymentPostprocessing = 0;
		};
/* End PBXFrameworksBuildPhase section */

/* Begin PBXGroup section */
		BCFF1DF51C22AB670080D9EC = {
			isa = PBXGroup;
			children = (
				BCFF1E001C22AB670080D9EC /* Test */,
				BCFF1E1A1C22AB670080D9EC /* TestTests */,
				BCFF1DFF1C22AB670080D9EC /* Products */,
			);
			sourceTree = "<group>";
		};
		BCFF1DFF1C22AB670080D9EC /* Products */ = {
			isa = PBXGroup;
			children = (
				BCFF1DFE1C22AB670080D9EC /* Test.app */,
				BCFF1E171C22AB670080D9EC /* TestTests.xctest */,
			);
			name = Products;
			sourceTree = "<group>";
		};
		BCFF1E001C22AB670080D9EC /* Test */ = {
			isa = PBXGroup;
			children = (
				BCFF1E051C22AB670080D9EC /* AppDelegate.h */,
				BCFF1E061C22AB670080D9EC /* AppDelegate.m */,
				BCFF1E081C22AB670080D9EC /* ViewController.h */,
				BCFF1E091C22AB670080D9EC /* ViewController.m */,
				BCFF1E0B1C22AB670080D9EC /* Main.storyboard */,
				BCFF1E0E1C22AB670080D9EC /* Images.xcassets */,
				BCFF1E101C22AB670080D9EC /* LaunchScreen.xib */,
				BCFF1E011C22AB670080D9EC /* Supporting Files */,
			);
			path = Test;
			sourceTree = "<group>";
		};
		BCFF1E011C22AB670080D9EC /* Supporting Files */ = {
			isa = PBXGroup;
			children = (
				BCFF1E021C22AB670080D9EC /* Info.plist */,
				BCFF1E031C22AB670080D9EC /* main.m */,
			);
			name = "Supporting Files";
			sourceTree = "<group>";
		};
		BCFF1E1A1C22AB670080D9EC /* TestTests */ = {
			isa = PBXGroup;
			children = (
				BCFF1E1D1C22AB670080D9EC /* TestTests.m */,
				BCFF1E1B1C22AB670080D9EC /* Supporting Files */,
			);
			path = TestTests;
			sourceTree = "<group>";
		};
		BCFF1E1B1C22AB670080D9EC /* Supporting Files */ = {
			isa = PBXGroup;
			children = (
				BCFF1E1C1C22AB670080D9EC /* Info.plist */,
			);
			name = "Supporting Files";
			sourceTree = "<group>";
		};
/* End PBXGroup section */

/* Begin PBXNativeTarget section */
		BCFF1DFD1C22AB670080D9EC /* Test */ = {
			isa = PBXNativeTarget;
			buildConfigurationList = BCFF1E211C22AB670080D9EC /* Build configuration list for PBXNativeTarget "Test" */;
			buildPhases = (
				BCFF1DFA1C22AB670080D9EC /* Sources */,
				BCFF1DFB1C22AB670080D9EC /* Frameworks */,
				BCFF1DFC1C22AB670080D9EC /* Resources */,
			);
			buildRules = (
			);
			dependencies = (
			);
			name = Test;
			productName = Test;
			productReference = BCFF1DFE1C22AB670080D9EC /* Test.app */;
			productType = "com.apple.product-type.application";
		};
		BCFF1E161C22AB670080D9EC /* TestTests */ = {
			isa = PBXNativeTarget;
			buildConfigurationList = BCFF1E241C22AB670080D9EC /* Build configuration list for PBXNativeTarget "TestTests" */;
			buildPhases = (
				BCFF1E131C22AB670080D9EC /* Sources */,
				BCFF1E141C22AB670080D9EC /* Frameworks */,
				BCFF1E151C22AB670080D9EC /* Resources */,
			);
			buildRules = (
			);
			dependencies = (
				BCFF1E191C22AB670080D9EC /* PBXTargetDependency */,
			);
			name = TestTests;
			productName = TestTests;
			productReference = BCFF1E171C22AB670080D9EC /* TestTests.xctest */;
			productType = "com.apple.product-type.bundle.unit-test";
		};
/* End PBXNativeTarget section */

/* Begin PBXProject section */
		BCFF1DF61C22AB670080D9EC /* Project object */ = {
			isa = PBXProject;
			attributes = {
				LastUpgradeCheck = 0600;
				ORGANIZATIONNAME = wt;
				TargetAttributes = {
					BCFF1DFD1C22AB670080D9EC = {
						CreatedOnToolsVersion = 6.0.1;
					};
					BCFF1E161C22AB670080D9EC = {
						CreatedOnToolsVersion = 6.0.1;
						TestTargetID = BCFF1DFD1C22AB670080D9EC;
					};
				};
			};
			buildConfigurationList = BCFF1DF91C22AB670080D9EC /* Build configuration list for PBXProject "Test" */;
			compatibilityVersion = "Xcode 3.2";
			developmentRegion = English;
			hasScannedForEncodings = 0;
			knownRegions = (
				en,
				Base,
			);
			mainGroup = BCFF1DF51C22AB670080D9EC;
			productRefGroup = BCFF1DFF1C22AB670080D9EC /* Products */;
			projectDirPath = "";
			projectRoot = "";
			targets = (
				BCFF1DFD1C22AB670080D9EC /* Test */,
				BCFF1E161C22AB670080D9EC /* TestTests */,
			);
		};
/* End PBXProject section */

/* Begin PBXResourcesBuildPhase section */
		BCFF1DFC1C22AB670080D9EC /* Resources */ = {
			isa = PBXResourcesBuildPhase;
			buildActionMask = 2147483647;
			files = (
				BCFF1E0D1C22AB670080D9EC /* Main.storyboard in Resources */,
				BCFF1E121C22AB670080D9EC /* LaunchScreen.xib in Resources */,
				BCFF1E0F1C22AB670080D9EC /* Images.xcassets in Resources */,
			);
			runOnlyForDeploymentPostprocessing = 0;
		};
		BCFF1E151C22AB670080D9EC /* Resources */ = {
			isa = PBXResourcesBuildPhase;
			buildActionMask = 2147483647;
			files = (
			);
			runOnlyForDeploymentPostprocessing = 0;
		};
/* End PBXResourcesBuildPhase section */

/* Begin PBXSourcesBuildPhase section */
		BCFF1DFA1C22AB670080D9EC /* Sources */ = {
			isa = PBXSourcesBuildPhase;
			buildActionMask = 2147483647;
			files = (
				BCFF1E0A1C22AB670080D9EC /* ViewController.m in Sources */,
				BCFF1E071C22AB670080D9EC /* AppDelegate.m in Sources */,
				BCFF1E041C22AB670080D9EC /* main.m in Sources */,
			);
			runOnlyForDeploymentPostprocessing = 0;
		};
		BCFF1E131C22AB670080D9EC /* Sources */ = {
			isa = PBXSourcesBuildPhase;
			buildActionMask = 2147483647;
			files = (
				BCFF1E1E1C22AB670080D9EC /* TestTests.m in Sources */,
			);
			runOnlyForDeploymentPostprocessing = 0;
		};
/* End PBXSourcesBuildPhase section */

/* Begin PBXTargetDependency section */
		BCFF1E191C22AB670080D9EC /* PBXTargetDependency */ = {
			isa = PBXTargetDependency;
			target = BCFF1DFD1C22AB670080D9EC /* Test */;
			targetProxy = BCFF1E181C22AB670080D9EC /* PBXContainerItemProxy */;
		};
/* End PBXTargetDependency section */

/* Begin PBXVariantGroup section */
		BCFF1E0B1C22AB670080D9EC /* Main.storyboard */ = {
			isa = PBXVariantGroup;
			children = (
				BCFF1E0C1C22AB670080D9EC /* Base */,
			);
			name = Main.storyboard;
			sourceTree = "<group>";
		};
		BCFF1E101C22AB670080D9EC /* LaunchScreen.xib */ = {
			isa = PBXVariantGroup;
			children = (
				BCFF1E111C22AB670080D9EC /* Base */,
			);
			name = LaunchScreen.xib;
			sourceTree = "<group>";
		};
/* End PBXVariantGroup section */

/* Begin XCBuildConfiguration section */
		BCFF1E1F1C22AB670080D9EC /* Debug */ = {
			isa = XCBuildConfiguration;
			buildSettings = {
				ALWAYS_SEARCH_USER_PATHS = NO;
				CLANG_CXX_LANGUAGE_STANDARD = "gnu++0x";
				CLANG_CXX_LIBRARY = "libc++";
				CLANG_ENABLE_MODULES = YES;
				CLANG_ENABLE_OBJC_ARC = YES;
				CLANG_WARN_BOOL_CONVERSION = YES;
				CLANG_WARN_CONSTANT_CONVERSION = YES;
				CLANG_WARN_DIRECT_OBJC_ISA_USAGE = YES_ERROR;
				CLANG_WARN_EMPTY_BODY = YES;
				CLANG_WARN_ENUM_CONVERSION = YES;
				CLANG_WARN_INT_CONVERSION = YES;
				CLANG_WARN_OBJC_ROOT_CLASS = YES_ERROR;
				CLANG_WARN_UNREACHABLE_CODE = YES;
				CLANG_WARN__DUPLICATE_METHOD_MATCH = YES;
				"CODE_SIGN_IDENTITY[sdk=iphoneos*]" = "iPhone Developer";
				COPY_PHASE_STRIP = NO;
				ENABLE_STRICT_OBJC_MSGSEND = YES;
				GCC_C_LANGUAGE_STANDARD = gnu99;
				GCC_DYNAMIC_NO_PIC = NO;
				GCC_OPTIMIZATION_LEVEL = 0;
				GCC_PREPROCESSOR_DEFINITIONS = (
					"DEBUG=1",
					"$(inherited)",
				);
				GCC_SYMBOLS_PRIVATE_EXTERN = NO;
				GCC_WARN_64_TO_32_BIT_CONVERSION = YES;
				GCC_WARN_ABOUT_RETURN_TYPE = YES_ERROR;
				GCC_WARN_UNDECLARED_SELECTOR = YES;
				GCC_WARN_UNINITIALIZED_AUTOS = YES_AGGRESSIVE;
				GCC_WARN_UNUSED_FUNCTION = YES;
				GCC_WARN_UNUSED_VARIABLE = YES;
				IPHONEOS_DEPLOYMENT_TARGET = 8.0;
				MTL_ENABLE_DEBUG_INFO = YES;
				ONLY_ACTIVE_ARCH = YES;
				SDKROOT = iphoneos;
			};
			name = Debug;
		};
		BCFF1E201C22AB670080D9EC /* Release */ = {
			isa = XCBuildConfiguration;
			buildSettings = {
				ALWAYS_SEARCH_USER_PATHS = NO;
				CLANG_CXX_LANGUAGE_STANDARD = "gnu++0x";
				CLANG_CXX_LIBRARY = "libc++";
				CLANG_ENABLE_MODULES = YES;
				CLANG_ENABLE_OBJC_ARC = YES;
				CLANG_WARN_BOOL_CONVERSION = YES;
				CLANG_WARN_CONSTANT_CONVERSION = YES;
				CLANG_WARN_DIRECT_OBJC_ISA_USAGE = YES_ERROR;
				CLANG_WARN_EMPTY_BODY = YES;
				CLANG_WARN_ENUM_CONVERSION = YES;
				CLANG_WARN_INT_CONVERSION = YES;
				CLANG_WARN_OBJC_ROOT_CLASS = YES_ERROR;
				CLANG_WARN_UNREACHABLE_CODE = YES;
				CLANG_WARN__DUPLICATE_METHOD_MATCH = YES;
				"CODE_SIGN_IDENTITY[sdk=iphoneos*]" = "iPhone Developer";
				COPY_PHASE_STRIP = YES;
				ENABLE_NS_ASSERTIONS = NO;
				ENABLE_STRICT_OBJC_MSGSEND = YES;
				GCC_C_LANGUAGE_STANDARD = gnu99;
				GCC_WARN_64_TO_32_BIT_CONVERSION = YES;
				GCC_WARN_ABOUT_RETURN_TYPE = YES_ERROR;
				GCC_WARN_UNDECLARED_SELECTOR = YES;
				GCC_WARN_UNINITIALIZED_AUTOS = YES_AGGRESSIVE;
				GCC_WARN_UNUSED_FUNCTION = YES;
				GCC_WARN_UNUSED_VARIABLE = YES;
				IPHONEOS_DEPLOYMENT_TARGET = 8.0;
				MTL_ENABLE_DEBUG_INFO = NO;
				SDKROOT = iphoneos;
				VALIDATE_PRODUCT = YES;
			};
			name = Release;
		};
		BCFF1E221C22AB670080D9EC /* Debug */ = {
			isa = XCBuildConfiguration;
			buildSettings = {
				ASSETCATALOG_COMPILER_APPICON_NAME = AppIcon;
				INFOPLIST_FILE = Test/Info.plist;
				LD_RUNPATH_SEARCH_PATHS = "$(inherited) @executable_path/Frameworks";
				PRODUCT_NAME = "$(TARGET_NAME)";
			};
			name = Debug;
		};
		BCFF1E231C22AB670080D9EC /* Release */ = {
			isa = XCBuildConfiguration;
			buildSettings = {
				ASSETCATALOG_COMPILER_APPICON_NAME = AppIcon;
				INFOPLIST_FILE = Test/Info.plist;
				LD_RUNPATH_SEARCH_PATHS = "$(inherited) @executable_path/Frameworks";
				PRODUCT_NAME = "$(TARGET_NAME)";
			};
			name = Release;
		};
		BCFF1E251C22AB670080D9EC /* Debug */ = {
			isa = XCBuildConfiguration;
			buildSettings = {
				BUNDLE_LOADER = "$(TEST_HOST)";
				FRAMEWORK_SEARCH_PATHS = (
					"$(SDKROOT)/Developer/Library/Frameworks",
					"$(inherited)",
				);
				GCC_PREPROCESSOR_DEFINITIONS = (
					"DEBUG=1",
					"$(inherited)",
				);
				INFOPLIST_FILE = TestTests/Info.plist;
				LD_RUNPATH_SEARCH_PATHS = "$(inherited) @executable_path/Frameworks @loader_path/Frameworks";
				PRODUCT_NAME = "$(TARGET_NAME)";
				TEST_HOST = "$(BUILT_PRODUCTS_DIR)/Test.app/Test";
			};
			name = Debug;
		};
		BCFF1E261C22AB670080D9EC /* Release */ = {
			isa = XCBuildConfiguration;
			buildSettings = {
				BUNDLE_LOADER = "$(TEST_HOST)";
				FRAMEWORK_SEARCH_PATHS = (
					"$(SDKROOT)/Developer/Library/Frameworks",
					"$(inherited)",
				);
				INFOPLIST_FILE = TestTests/Info.plist;
				LD_RUNPATH_SEARCH_PATHS = "$(inherited) @executable_path/Frameworks @loader_path/Frameworks";
				PRODUCT_NAME = "$(TARGET_NAME)";
				TEST_HOST = "$(BUILT_PRODUCTS_DIR)/Test.app/Test";
			};
			name = Release;
		};
/* End XCBuildConfiguration section */

/* Begin XCConfigurationList section */
		BCFF1DF91C22AB670080D9EC /* Build configuration list for PBXProject "Test" */ = {
			isa = XCConfigurationList;
			buildConfigurations = (
				BCFF1E1F1C22AB670080D9EC /* Debug */,
				BCFF1E201C22AB670080D9EC /* Release */,
			);
			defaultConfigurationIsVisible = 0;
			defaultConfigurationName = Release;
		};
		BCFF1E211C22AB670080D9EC /* Build configuration list for PBXNativeTarget "Test" */ = {
			isa = XCConfigurationList;
			buildConfigurations = (
				BCFF1E221C22AB670080D9EC /* Debug */,
				BCFF1E231C22AB670080D9EC /* Release */,
			);
			defaultConfigurationIsVisible = 0;
		};
		BCFF1E241C22AB670080D9EC /* Build configuration list for PBXNativeTarget "TestTests" */ = {
			isa = XCConfigurationList;
			buildConfigurations = (
				BCFF1E251C22AB670080D9EC /* Debug */,
				BCFF1E261C22AB670080D9EC /* Release */,
			);
			defaultConfigurationIsVisible = 0;
		};
/* End XCConfigurationList section */
	};
	rootObject = BCFF1DF61C22AB670080D9EC /* Project object */;
}
